
Microsoft Visual Studio Solution File, Format Version 12.00
# Visual Studio Version 17
VisualStudioVersion = 17.11.35219.272
MinimumVisualStudioVersion = 10.0.40219.1
Project("{9A19103F-16F7-4668-BE54-9A1E7A4F7556}") = "DevFreela.Core", "DevFreela.Core\DevFreela.Core.csproj", "{FC64AA4A-0CC3-4968-ACCA-7F91137C0617}"
EndProject
Project("{9A19103F-16F7-4668-BE54-9A1E7A4F7556}") = "DevFreela.Infrastructure", "DevFreela.Infrastructure\DevFreela.Infrastructure.csproj", "{BD46A3B0-9F86-49ED-B386-40378E076FAE}"
EndProject
Project("{9A19103F-16F7-4668-BE54-9A1E7A4F7556}") = "DevFreela.Application", "DevFreela.Application\DevFreela.Application.csproj", "{A43979FD-9844-4562-8058-1912A98CFCD7}"
EndProject
Project("{9A19103F-16F7-4668-BE54-9A1E7A4F7556}") = "DevFreela.API", "DevFreela.API\DevFreela.API.csproj", "{D6D53F92-DB5C-4B96-804A-5AA54C2D61FC}"
EndProject
Global
	GlobalSection(SolutionConfigurationPlatforms) = preSolution
		Debug|Any CPU = Debug|Any CPU
		Release|Any CPU = Release|Any CPU
	EndGlobalSection
	GlobalSection(ProjectConfigurationPlatforms) = postSolution
		{FC64AA4A-0CC3-4968-ACCA-7F91137C0617}.Debug|Any CPU.ActiveCfg = Debug|Any CPU
		{FC64AA4A-0CC3-4968-ACCA-7F91137C0617}.Debug|Any CPU.Build.0 = Debug|Any CPU
		{FC64AA4A-0CC3-4968-ACCA-7F91137C0617}.Release|Any CPU.ActiveCfg = Release|Any CPU
		{FC64AA4A-0CC3-4968-ACCA-7F91137C0617}.Release|Any CPU.Build.0 = Release|Any CPU
		{BD46A3B0-9F86-49ED-B386-40378E076FAE}.Debug|Any CPU.ActiveCfg = Debug|Any CPU
		{BD46A3B0-9F86-49ED-B386-40378E076FAE}.Debug|Any CPU.Build.0 = Debug|Any CPU
		{BD46A3B0-9F86-49ED-B386-40378E076FAE}.Release|Any CPU.ActiveCfg = Release|Any CPU
		{BD46A3B0-9F86-49ED-B386-40378E076FAE}.Release|Any CPU.Build.0 = Release|Any CPU
		{A43979FD-9844-4562-8058-1912A98CFCD7}.Debug|Any CPU.ActiveCfg = Debug|Any CPU
		{A43979FD-9844-4562-8058-1912A98CFCD7}.Debug|Any CPU.Build.0 = Debug|Any CPU
		{A43979FD-9844-4562-8058-1912A98CFCD7}.Release|Any CPU.ActiveCfg = Release|Any CPU
		{A43979FD-9844-4562-8058-1912A98CFCD7}.Release|Any CPU.Build.0 = Release|Any CPU
		{D6D53F92-DB5C-4B96-804A-5AA54C2D61FC}.Debug|Any CPU.ActiveCfg = Debug|Any CPU
		{D6D53F92-DB5C-4B96-804A-5AA54C2D61FC}.Debug|Any CPU.Build.0 = Debug|Any CPU
		{D6D53F92-DB5C-4B96-804A-5AA54C2D61FC}.Release|Any CPU.ActiveCfg = Release|Any CPU
		{D6D53F92-DB5C-4B96-804A-5AA54C2D61FC}.Release|Any CPU.Build.0 = Release|Any CPU
	EndGlobalSection
	GlobalSection(SolutionProperties) = preSolution
		HideSolutionNode = FALSE
	EndGlobalSection
	GlobalSection(ExtensibilityGlobals) = postSolution
		SolutionGuid = {1E2DABD9-B200-4A8D-8C49-A0F5EEBF0718}
	EndGlobalSection
EndGlobal
